
Microsoft Visual Studio Solution File, Format Version 12.00
# Visual Studio Version 16
VisualStudioVersion = 16.0.29230.47
MinimumVisualStudioVersion = 10.0.40219.1
Project("{FAE04EC0-301F-11D3-BF4B-00C04F79EFBC}") = "TesteDotNet", "TesteDotNet\TesteDotNet.csproj", "{A532217B-793B-41D0-A550-3EB932E5C5AF}"
EndProject
Global
	GlobalSection(SolutionConfigurationPlatforms) = preSolution
		Debug|Any CPU = Debug|Any CPU
		Release|Any CPU = Release|Any CPU
	EndGlobalSection
	GlobalSection(ProjectConfigurationPlatforms) = postSolution
		{A532217B-793B-41D0-A550-3EB932E5C5AF}.Debug|Any CPU.ActiveCfg = Debug|Any CPU
		{A532217B-793B-41D0-A550-3EB932E5C5AF}.Debug|Any CPU.Build.0 = Debug|Any CPU
		{A532217B-793B-41D0-A550-3EB932E5C5AF}.Release|Any CPU.ActiveCfg = Release|Any CPU
		{A532217B-793B-41D0-A550-3EB932E5C5AF}.Release|Any CPU.Build.0 = Release|Any CPU
	EndGlobalSection
	GlobalSection(SolutionProperties) = preSolution
		HideSolutionNode = FALSE
	EndGlobalSection
	GlobalSection(ExtensibilityGlobals) = postSolution
		SolutionGuid = {CF978219-ADA8-41CE-ADB2-BBA367C1ED4C}
	EndGlobalSection
EndGlobal
